
Microsoft Visual Studio Solution File, Format Version 12.00
# Visual Studio Version 17
VisualStudioVersion = 17.7.34202.233
MinimumVisualStudioVersion = 10.0.40219.1
Project("{FAE04EC0-301F-11D3-BF4B-00C04F79EFBC}") = "FactoryDatabase", "FactoryDatabase.csproj", "{2ED8CCCE-0DDB-449A-B340-397C1471CD78}"
EndProject
Global
	GlobalSection(SolutionConfigurationPlatforms) = preSolution
		Debug|Any CPU = Debug|Any CPU
		Release|Any CPU = Release|Any CPU
	EndGlobalSection
	GlobalSection(ProjectConfigurationPlatforms) = postSolution
		{2ED8CCCE-0DDB-449A-B340-397C1471CD78}.Debug|Any CPU.ActiveCfg = Debug|Any CPU
		{2ED8CCCE-0DDB-449A-B340-397C1471CD78}.Debug|Any CPU.Build.0 = Debug|Any CPU
		{2ED8CCCE-0DDB-449A-B340-397C1471CD78}.Release|Any CPU.ActiveCfg = Release|Any CPU
		{2ED8CCCE-0DDB-449A-B340-397C1471CD78}.Release|Any CPU.Build.0 = Release|Any CPU
	EndGlobalSection
	GlobalSection(SolutionProperties) = preSolution
		HideSolutionNode = FALSE
	EndGlobalSection
	GlobalSection(ExtensibilityGlobals) = postSolution
		SolutionGuid = {87EFA21A-B7E1-439C-AEA1-EDAF9A25A7A7}
	EndGlobalSection
EndGlobal
